
Microsoft Visual Studio Solution File, Format Version 12.00
Project("{FAE04EC0-301F-11D3-BF4B-00C04F79EFBC}") = "AluraLogicaCsharp", "AluraLogicaCsharp\AluraLogicaCsharp.csproj", "{1318CDDE-11CC-4DB3-ACCA-A94FA1E51B53}"
EndProject
Global
	GlobalSection(SolutionConfigurationPlatforms) = preSolution
		Debug|Any CPU = Debug|Any CPU
		Release|Any CPU = Release|Any CPU
	EndGlobalSection
	GlobalSection(ProjectConfigurationPlatforms) = postSolution
		{1318CDDE-11CC-4DB3-ACCA-A94FA1E51B53}.Debug|Any CPU.ActiveCfg = Debug|Any CPU
		{1318CDDE-11CC-4DB3-ACCA-A94FA1E51B53}.Debug|Any CPU.Build.0 = Debug|Any CPU
		{1318CDDE-11CC-4DB3-ACCA-A94FA1E51B53}.Release|Any CPU.ActiveCfg = Release|Any CPU
		{1318CDDE-11CC-4DB3-ACCA-A94FA1E51B53}.Release|Any CPU.Build.0 = Release|Any CPU
	EndGlobalSection
EndGlobal
